{
  "name": "fn-resconfig",
  "version": "1.0.0",
  "lockfileVersion": 2,
  "requires": true,
  "packages": {
    "": {
      "name": "fn-resconfig",
      "version": "1.0.0",
      "license": "ISC",
      "dependencies": {
        "ini": "^4.1.1",
        "winattr": "^3.0.0"
      }
    },
    "node_modules/fswin": {
      "version": "3.23.311",
      "resolved": "https://registry.npmjs.org/fswin/-/fswin-3.23.311.tgz",
      "integrity": "sha512-MKiaXljyEA7D9AXP1X0bCsgn1b1PEIo0P9pHKsxz6BLXZFIpfY1jYs8biRaVWlDEFkK10E3jD99mwpUZhVVCkQ==",
      "engines": {
        "node": ">= 8.0"
      }
    },
    "node_modules/ini": {
      "version": "4.1.1",
      "resolved": "https://registry.npmjs.org/ini/-/ini-4.1.1.tgz",
      "integrity": "sha512-QQnnxNyfvmHFIsj7gkPcYymR8Jdw/o7mp5ZFihxn6h8Ci6fh3Dx4E1gPjpQEpIuPo9XVNY/ZUwh4BPMjGyL01g==",
      "engines": {
        "node": "^14.17.0 || ^16.13.0 || >=18.0.0"
      }
    },
    "node_modules/winattr": {
      "version": "3.0.0",
      "resolved": "https://registry.npmjs.org/winattr/-/winattr-3.0.0.tgz",
      "integrity": "sha512-dt33rYsTYcGbB+I1ubB6ZLODibRSCW//TgY/SuajLllR9kHnHnbUMqnXIe0osYsXUdRLGs770zb3t9z/ScGUpw==",
      "dependencies": {
        "fswin": "^3.18.918"
      },
      "engines": {
        "node": ">= 8"
      }
    }
  },
  "dependencies": {
    "fswin": {
      "version": "3.23.311",
      "resolved": "https://registry.npmjs.org/fswin/-/fswin-3.23.311.tgz",
      "integrity": "sha512-MKiaXljyEA7D9AXP1X0bCsgn1b1PEIo0P9pHKsxz6BLXZFIpfY1jYs8biRaVWlDEFkK10E3jD99mwpUZhVVCkQ=="
    },
    "ini": {
      "version": "4.1.1",
      "resolved": "https://registry.npmjs.org/ini/-/ini-4.1.1.tgz",
      "integrity": "sha512-QQnnxNyfvmHFIsj7gkPcYymR8Jdw/o7mp5ZFihxn6h8Ci6fh3Dx4E1gPjpQEpIuPo9XVNY/ZUwh4BPMjGyL01g=="
    },
    "winattr": {
      "version": "3.0.0",
      "resolved": "https://registry.npmjs.org/winattr/-/winattr-3.0.0.tgz",
      "integrity": "sha512-dt33rYsTYcGbB+I1ubB6ZLODibRSCW//TgY/SuajLllR9kHnHnbUMqnXIe0osYsXUdRLGs770zb3t9z/ScGUpw==",
      "requires": {
        "fswin": "^3.18.918"
      }
    }
  }
}
